
Microsoft Visual Studio Solution File, Format Version 12.00
# Visual Studio 15
VisualStudioVersion = 15.0.28010.2046
MinimumVisualStudioVersion = 10.0.40219.1
Project("{FAE04EC0-301F-11D3-BF4B-00C04F79EFBC}") = "OODFinalExamSoo189364", "OODFinalExamSoo189364\OODFinalExamSoo189364.csproj", "{83825D08-A95B-4FDD-85F2-CDE43AD79550}"
EndProject
Project("{FAE04EC0-301F-11D3-BF4B-00C04F79EFBC}") = "UnitTestProject1", "UnitTestProject1\UnitTestProject1.csproj", "{F42A7526-D315-41CD-B969-3B94EFD0B580}"
EndProject
Global
	GlobalSection(SolutionConfigurationPlatforms) = preSolution
		Debug|Any CPU = Debug|Any CPU
		Release|Any CPU = Release|Any CPU
	EndGlobalSection
	GlobalSection(ProjectConfigurationPlatforms) = postSolution
		{83825D08-A95B-4FDD-85F2-CDE43AD79550}.Debug|Any CPU.ActiveCfg = Debug|Any CPU
		{83825D08-A95B-4FDD-85F2-CDE43AD79550}.Debug|Any CPU.Build.0 = Debug|Any CPU
		{83825D08-A95B-4FDD-85F2-CDE43AD79550}.Release|Any CPU.ActiveCfg = Release|Any CPU
		{83825D08-A95B-4FDD-85F2-CDE43AD79550}.Release|Any CPU.Build.0 = Release|Any CPU
		{F42A7526-D315-41CD-B969-3B94EFD0B580}.Debug|Any CPU.ActiveCfg = Debug|Any CPU
		{F42A7526-D315-41CD-B969-3B94EFD0B580}.Debug|Any CPU.Build.0 = Debug|Any CPU
		{F42A7526-D315-41CD-B969-3B94EFD0B580}.Release|Any CPU.ActiveCfg = Release|Any CPU
		{F42A7526-D315-41CD-B969-3B94EFD0B580}.Release|Any CPU.Build.0 = Release|Any CPU
	EndGlobalSection
	GlobalSection(SolutionProperties) = preSolution
		HideSolutionNode = FALSE
	EndGlobalSection
	GlobalSection(ExtensibilityGlobals) = postSolution
		SolutionGuid = {27467F48-6667-4BBF-BB08-72EDB320DF51}
	EndGlobalSection
EndGlobal
